// !$*UTF8*$!
{
	archiveVersion = 1;
	classes = {
	};
	objectVersion = 46;
	objects = {

/* Begin PBXBuildFile section */
		820668A11D5077F3003DC463 /* MCImageCacheManager.m in Sources */ = {isa = PBXBuildFile; fileRef = 820668A01D5077F3003DC463 /* MCImageCacheManager.m */; };
		820668A41D507FDA003DC463 /* UIImageView+MCWebImage.m in Sources */ = {isa = PBXBuildFile; fileRef = 820668A31D507FDA003DC463 /* UIImageView+MCWebImage.m */; };
		820668A71D509192003DC463 /* NSString+MCWebImage.m in Sources */ = {isa = PBXBuildFile; fileRef = 820668A61D509192003DC463 /* NSString+MCWebImage.m */; };
		82201DF91D4AEA4700D6FBAA /* test0.webp in Resources */ = {isa = PBXBuildFile; fileRef = 82201DF81D4AEA4700D6FBAA /* test0.webp */; };
		82201DFC1D4AEF0A00D6FBAA /* UIImage+MCWebImage.m in Sources */ = {isa = PBXBuildFile; fileRef = 82201DFB1D4AEF0A00D6FBAA /* UIImage+MCWebImage.m */; };
		82201DFE1D4AF2F400D6FBAA /* a.gif in Resources */ = {isa = PBXBuildFile; fileRef = 82201DFD1D4AF2F400D6FBAA /* a.gif */; };
		82201E321D4B0B6200D6FBAA /* WebP.framework in Frameworks */ = {isa = PBXBuildFile; fileRef = 82201E311D4B0B6200D6FBAA /* WebP.framework */; };
		8272F12B1D4EE53B003303A3 /* MCImageDownloadManager.m in Sources */ = {isa = PBXBuildFile; fileRef = 8272F12A1D4EE53B003303A3 /* MCImageDownloadManager.m */; };
		8272F12E1D4EE9A7003303A3 /* MCWebImageConfigure.m in Sources */ = {isa = PBXBuildFile; fileRef = 8272F12D1D4EE9A7003303A3 /* MCWebImageConfigure.m */; };
		82B4195F1D1F876400040453 /* main.m in Sources */ = {isa = PBXBuildFile; fileRef = 82B4195E1D1F876400040453 /* main.m */; };
		82B419621D1F876400040453 /* AppDelegate.m in Sources */ = {isa = PBXBuildFile; fileRef = 82B419611D1F876400040453 /* AppDelegate.m */; };
		82B419651D1F876400040453 /* ViewController.m in Sources */ = {isa = PBXBuildFile; fileRef = 82B419641D1F876400040453 /* ViewController.m */; };
		82B419681D1F876500040453 /* Main.storyboard in Resources */ = {isa = PBXBuildFile; fileRef = 82B419661D1F876500040453 /* Main.storyboard */; };
		82B4196A1D1F876500040453 /* Assets.xcassets in Resources */ = {isa = PBXBuildFile; fileRef = 82B419691D1F876500040453 /* Assets.xcassets */; };
		82B4196D1D1F876500040453 /* LaunchScreen.storyboard in Resources */ = {isa = PBXBuildFile; fileRef = 82B4196B1D1F876500040453 /* LaunchScreen.storyboard */; };
		82FD54751D49DEDD007DE97A /* MCMimeType.m in Sources */ = {isa = PBXBuildFile; fileRef = 82FD546A1D49DEDD007DE97A /* MCMimeType.m */; };
		82FD54761D49DEDD007DE97A /* MCNetworkConfigure.m in Sources */ = {isa = PBXBuildFile; fileRef = 82FD546D1D49DEDD007DE97A /* MCNetworkConfigure.m */; };
		82FD54771D49DEDD007DE97A /* MCRequestSerialization.m in Sources */ = {isa = PBXBuildFile; fileRef = 82FD546F1D49DEDD007DE97A /* MCRequestSerialization.m */; };
		82FD54781D49DEDD007DE97A /* MCResponseSerialization.m in Sources */ = {isa = PBXBuildFile; fileRef = 82FD54711D49DEDD007DE97A /* MCResponseSerialization.m */; };
		82FD54791D49DEDD007DE97A /* MCURLSession.m in Sources */ = {isa = PBXBuildFile; fileRef = 82FD54731D49DEDD007DE97A /* MCURLSession.m */; };
		82FD547E1D49FDF5007DE97A /* NSData+MCContentType.m in Sources */ = {isa = PBXBuildFile; fileRef = 82FD547D1D49FDF5007DE97A /* NSData+MCContentType.m */; };
		82FFB8111D45F6970079F92F /* a.jpg in Resources */ = {isa = PBXBuildFile; fileRef = 82FFB8101D45F6970079F92F /* a.jpg */; };
/* End PBXBuildFile section */

/* Begin PBXFileReference section */
		8206689F1D5077F3003DC463 /* MCImageCacheManager.h */ = {isa = PBXFileReference; fileEncoding = 4; lastKnownFileType = sourcecode.c.h; path = MCImageCacheManager.h; sourceTree = "<group>"; };
		820668A01D5077F3003DC463 /* MCImageCacheManager.m */ = {isa = PBXFileReference; fileEncoding = 4; lastKnownFileType = sourcecode.c.objc; path = MCImageCacheManager.m; sourceTree = "<group>"; };
		820668A21D507FDA003DC463 /* UIImageView+MCWebImage.h */ = {isa = PBXFileReference; fileEncoding = 4; lastKnownFileType = sourcecode.c.h; path = "UIImageView+MCWebImage.h"; sourceTree = "<group>"; };
		820668A31D507FDA003DC463 /* UIImageView+MCWebImage.m */ = {isa = PBXFileReference; fileEncoding = 4; lastKnownFileType = sourcecode.c.objc; path = "UIImageView+MCWebImage.m"; sourceTree = "<group>"; };
		820668A51D509192003DC463 /* NSString+MCWebImage.h */ = {isa = PBXFileReference; fileEncoding = 4; lastKnownFileType = sourcecode.c.h; path = "NSString+MCWebImage.h"; sourceTree = "<group>"; };
		820668A61D509192003DC463 /* NSString+MCWebImage.m */ = {isa = PBXFileReference; fileEncoding = 4; lastKnownFileType = sourcecode.c.objc; path = "NSString+MCWebImage.m"; sourceTree = "<group>"; };
		82201DF81D4AEA4700D6FBAA /* test0.webp */ = {isa = PBXFileReference; lastKnownFileType = file; path = test0.webp; sourceTree = "<group>"; };
		82201DFA1D4AEF0A00D6FBAA /* UIImage+MCWebImage.h */ = {isa = PBXFileReference; fileEncoding = 4; lastKnownFileType = sourcecode.c.h; path = "UIImage+MCWebImage.h"; sourceTree = "<group>"; };
		82201DFB1D4AEF0A00D6FBAA /* UIImage+MCWebImage.m */ = {isa = PBXFileReference; fileEncoding = 4; lastKnownFileType = sourcecode.c.objc; path = "UIImage+MCWebImage.m"; sourceTree = "<group>"; };
		82201DFD1D4AF2F400D6FBAA /* a.gif */ = {isa = PBXFileReference; lastKnownFileType = image.gif; path = a.gif; sourceTree = "<group>"; };
		82201E311D4B0B6200D6FBAA /* WebP.framework */ = {isa = PBXFileReference; lastKnownFileType = wrapper.framework; path = WebP.framework; sourceTree = "<group>"; };
		8272F1291D4EE53B003303A3 /* MCImageDownloadManager.h */ = {isa = PBXFileReference; fileEncoding = 4; lastKnownFileType = sourcecode.c.h; path = MCImageDownloadManager.h; sourceTree = "<group>"; };
		8272F12A1D4EE53B003303A3 /* MCImageDownloadManager.m */ = {isa = PBXFileReference; fileEncoding = 4; lastKnownFileType = sourcecode.c.objc; path = MCImageDownloadManager.m; sourceTree = "<group>"; };
		8272F12C1D4EE9A7003303A3 /* MCWebImageConfigure.h */ = {isa = PBXFileReference; fileEncoding = 4; lastKnownFileType = sourcecode.c.h; path = MCWebImageConfigure.h; sourceTree = "<group>"; };
		8272F12D1D4EE9A7003303A3 /* MCWebImageConfigure.m */ = {isa = PBXFileReference; fileEncoding = 4; lastKnownFileType = sourcecode.c.objc; path = MCWebImageConfigure.m; sourceTree = "<group>"; };
		82B4195A1D1F876400040453 /* MCNetwork.app */ = {isa = PBXFileReference; explicitFileType = wrapper.application; includeInIndex = 0; path = MCNetwork.app; sourceTree = BUILT_PRODUCTS_DIR; };
		82B4195E1D1F876400040453 /* main.m */ = {isa = PBXFileReference; lastKnownFileType = sourcecode.c.objc; path = main.m; sourceTree = "<group>"; };
		82B419601D1F876400040453 /* AppDelegate.h */ = {isa = PBXFileReference; lastKnownFileType = sourcecode.c.h; path = AppDelegate.h; sourceTree = "<group>"; };
		82B419611D1F876400040453 /* AppDelegate.m */ = {isa = PBXFileReference; lastKnownFileType = sourcecode.c.objc; path = AppDelegate.m; sourceTree = "<group>"; };
		82B419631D1F876400040453 /* ViewController.h */ = {isa = PBXFileReference; lastKnownFileType = sourcecode.c.h; path = ViewController.h; sourceTree = "<group>"; };
		82B419641D1F876400040453 /* ViewController.m */ = {isa = PBXFileReference; lastKnownFileType = sourcecode.c.objc; path = ViewController.m; sourceTree = "<group>"; };
		82B419671D1F876500040453 /* Base */ = {isa = PBXFileReference; lastKnownFileType = file.storyboard; name = Base; path = Base.lproj/Main.storyboard; sourceTree = "<group>"; };
		82B419691D1F876500040453 /* Assets.xcassets */ = {isa = PBXFileReference; lastKnownFileType = folder.assetcatalog; path = Assets.xcassets; sourceTree = "<group>"; };
		82B4196C1D1F876500040453 /* Base */ = {isa = PBXFileReference; lastKnownFileType = file.storyboard; name = Base; path = Base.lproj/LaunchScreen.storyboard; sourceTree = "<group>"; };
		82B4196E1D1F876500040453 /* Info.plist */ = {isa = PBXFileReference; lastKnownFileType = text.plist.xml; path = Info.plist; sourceTree = "<group>"; };
		82FD54691D49DEDD007DE97A /* MCMimeType.h */ = {isa = PBXFileReference; fileEncoding = 4; lastKnownFileType = sourcecode.c.h; path = MCMimeType.h; sourceTree = "<group>"; };
		82FD546A1D49DEDD007DE97A /* MCMimeType.m */ = {isa = PBXFileReference; fileEncoding = 4; lastKnownFileType = sourcecode.c.objc; path = MCMimeType.m; sourceTree = "<group>"; };
		82FD546B1D49DEDD007DE97A /* MCNetwork.h */ = {isa = PBXFileReference; fileEncoding = 4; lastKnownFileType = sourcecode.c.h; path = MCNetwork.h; sourceTree = "<group>"; };
		82FD546C1D49DEDD007DE97A /* MCNetworkConfigure.h */ = {isa = PBXFileReference; fileEncoding = 4; lastKnownFileType = sourcecode.c.h; path = MCNetworkConfigure.h; sourceTree = "<group>"; };
		82FD546D1D49DEDD007DE97A /* MCNetworkConfigure.m */ = {isa = PBXFileReference; fileEncoding = 4; lastKnownFileType = sourcecode.c.objc; path = MCNetworkConfigure.m; sourceTree = "<group>"; };
		82FD546E1D49DEDD007DE97A /* MCRequestSerialization.h */ = {isa = PBXFileReference; fileEncoding = 4; lastKnownFileType = sourcecode.c.h; path = MCRequestSerialization.h; sourceTree = "<group>"; };
		82FD546F1D49DEDD007DE97A /* MCRequestSerialization.m */ = {isa = PBXFileReference; fileEncoding = 4; lastKnownFileType = sourcecode.c.objc; path = MCRequestSerialization.m; sourceTree = "<group>"; };
		82FD54701D49DEDD007DE97A /* MCResponseSerialization.h */ = {isa = PBXFileReference; fileEncoding = 4; lastKnownFileType = sourcecode.c.h; path = MCResponseSerialization.h; sourceTree = "<group>"; };
		82FD54711D49DEDD007DE97A /* MCResponseSerialization.m */ = {isa = PBXFileReference; fileEncoding = 4; lastKnownFileType = sourcecode.c.objc; path = MCResponseSerialization.m; sourceTree = "<group>"; };
		82FD54721D49DEDD007DE97A /* MCURLSession.h */ = {isa = PBXFileReference; fileEncoding = 4; lastKnownFileType = sourcecode.c.h; path = MCURLSession.h; sourceTree = "<group>"; };
		82FD54731D49DEDD007DE97A /* MCURLSession.m */ = {isa = PBXFileReference; fileEncoding = 4; lastKnownFileType = sourcecode.c.objc; path = MCURLSession.m; sourceTree = "<group>"; };
		82FD54741D49DEDD007DE97A /* MCNetworking.h */ = {isa = PBXFileReference; fileEncoding = 4; lastKnownFileType = sourcecode.c.h; path = MCNetworking.h; sourceTree = "<group>"; };
		82FD547B1D49FD5D007DE97A /* MCWebImage.h */ = {isa = PBXFileReference; lastKnownFileType = sourcecode.c.h; path = MCWebImage.h; sourceTree = "<group>"; };
		82FD547C1D49FDF5007DE97A /* NSData+MCContentType.h */ = {isa = PBXFileReference; fileEncoding = 4; lastKnownFileType = sourcecode.c.h; path = "NSData+MCContentType.h"; sourceTree = "<group>"; };
		82FD547D1D49FDF5007DE97A /* NSData+MCContentType.m */ = {isa = PBXFileReference; fileEncoding = 4; lastKnownFileType = sourcecode.c.objc; path = "NSData+MCContentType.m"; sourceTree = "<group>"; };
		82FFB8101D45F6970079F92F /* a.jpg */ = {isa = PBXFileReference; lastKnownFileType = image.jpeg; path = a.jpg; sourceTree = "<group>"; };
/* End PBXFileReference section */

/* Begin PBXFrameworksBuildPhase section */
		82B419571D1F876400040453 /* Frameworks */ = {
			isa = PBXFrameworksBuildPhase;
			buildActionMask = 2147483647;
			files = (
				82201E321D4B0B6200D6FBAA /* WebP.framework in Frameworks */,
			);
			runOnlyForDeploymentPostprocessing = 0;
		};
/* End PBXFrameworksBuildPhase section */

/* Begin PBXGroup section */
		82B419511D1F876400040453 = {
			isa = PBXGroup;
			children = (
				82B4195C1D1F876400040453 /* MCNetwork */,
				82B4195B1D1F876400040453 /* Products */,
			);
			sourceTree = "<group>";
		};
		82B4195B1D1F876400040453 /* Products */ = {
			isa = PBXGroup;
			children = (
				82B4195A1D1F876400040453 /* MCNetwork.app */,
			);
			name = Products;
			sourceTree = "<group>";
		};
		82B4195C1D1F876400040453 /* MCNetwork */ = {
			isa = PBXGroup;
			children = (
				82201DF81D4AEA4700D6FBAA /* test0.webp */,
				82FFB8101D45F6970079F92F /* a.jpg */,
				82201DFD1D4AF2F400D6FBAA /* a.gif */,
				82FD54671D49DEDD007DE97A /* MCNetworking */,
				82B419601D1F876400040453 /* AppDelegate.h */,
				82B419611D1F876400040453 /* AppDelegate.m */,
				82B419631D1F876400040453 /* ViewController.h */,
				82B419641D1F876400040453 /* ViewController.m */,
				82B419661D1F876500040453 /* Main.storyboard */,
				82B419691D1F876500040453 /* Assets.xcassets */,
				82B4196B1D1F876500040453 /* LaunchScreen.storyboard */,
				82B4196E1D1F876500040453 /* Info.plist */,
				82B4195D1D1F876400040453 /* Supporting Files */,
			);
			path = MCNetwork;
			sourceTree = "<group>";
		};
		82B4195D1D1F876400040453 /* Supporting Files */ = {
			isa = PBXGroup;
			children = (
				82B4195E1D1F876400040453 /* main.m */,
			);
			name = "Supporting Files";
			sourceTree = "<group>";
		};
		82FD54671D49DEDD007DE97A /* MCNetworking */ = {
			isa = PBXGroup;
			children = (
				82FD54741D49DEDD007DE97A /* MCNetworking.h */,
				82FD547A1D49FD47007DE97A /* MCWebImage */,
				82FD54681D49DEDD007DE97A /* MCNetwork */,
			);
			path = MCNetworking;
			sourceTree = "<group>";
		};
		82FD54681D49DEDD007DE97A /* MCNetwork */ = {
			isa = PBXGroup;
			children = (
				82FD546B1D49DEDD007DE97A /* MCNetwork.h */,
				82FD54691D49DEDD007DE97A /* MCMimeType.h */,
				82FD546A1D49DEDD007DE97A /* MCMimeType.m */,
				82FD546C1D49DEDD007DE97A /* MCNetworkConfigure.h */,
				82FD546D1D49DEDD007DE97A /* MCNetworkConfigure.m */,
				82FD546E1D49DEDD007DE97A /* MCRequestSerialization.h */,
				82FD546F1D49DEDD007DE97A /* MCRequestSerialization.m */,
				82FD54701D49DEDD007DE97A /* MCResponseSerialization.h */,
				82FD54711D49DEDD007DE97A /* MCResponseSerialization.m */,
				82FD54721D49DEDD007DE97A /* MCURLSession.h */,
				82FD54731D49DEDD007DE97A /* MCURLSession.m */,
			);
			path = MCNetwork;
			sourceTree = "<group>";
		};
		82FD547A1D49FD47007DE97A /* MCWebImage */ = {
			isa = PBXGroup;
			children = (
				82201E311D4B0B6200D6FBAA /* WebP.framework */,
				82FD547B1D49FD5D007DE97A /* MCWebImage.h */,
				8272F12C1D4EE9A7003303A3 /* MCWebImageConfigure.h */,
				8272F12D1D4EE9A7003303A3 /* MCWebImageConfigure.m */,
				82FD547C1D49FDF5007DE97A /* NSData+MCContentType.h */,
				82FD547D1D49FDF5007DE97A /* NSData+MCContentType.m */,
				82201DFA1D4AEF0A00D6FBAA /* UIImage+MCWebImage.h */,
				82201DFB1D4AEF0A00D6FBAA /* UIImage+MCWebImage.m */,
				8272F1291D4EE53B003303A3 /* MCImageDownloadManager.h */,
				8272F12A1D4EE53B003303A3 /* MCImageDownloadManager.m */,
				8206689F1D5077F3003DC463 /* MCImageCacheManager.h */,
				820668A01D5077F3003DC463 /* MCImageCacheManager.m */,
				820668A21D507FDA003DC463 /* UIImageView+MCWebImage.h */,
				820668A31D507FDA003DC463 /* UIImageView+MCWebImage.m */,
				820668A51D509192003DC463 /* NSString+MCWebImage.h */,
				820668A61D509192003DC463 /* NSString+MCWebImage.m */,
			);
			path = MCWebImage;
			sourceTree = "<group>";
		};
/* End PBXGroup section */

/* Begin PBXNativeTarget section */
		82B419591D1F876400040453 /* MCNetwork */ = {
			isa = PBXNativeTarget;
			buildConfigurationList = 82B419711D1F876500040453 /* Build configuration list for PBXNativeTarget "MCNetwork" */;
			buildPhases = (
				82B419561D1F876400040453 /* Sources */,
				82B419571D1F876400040453 /* Frameworks */,
				82B419581D1F876400040453 /* Resources */,
			);
			buildRules = (
			);
			dependencies = (
			);
			name = MCNetwork;
			productName = MCNetwork;
			productReference = 82B4195A1D1F876400040453 /* MCNetwork.app */;
			productType = "com.apple.product-type.application";
		};
/* End PBXNativeTarget section */

/* Begin PBXProject section */
		82B419521D1F876400040453 /* Project object */ = {
			isa = PBXProject;
			attributes = {
				LastUpgradeCheck = 0730;
				ORGANIZATIONNAME = Mingle;
				TargetAttributes = {
					82B419591D1F876400040453 = {
						CreatedOnToolsVersion = 7.3.1;
					};
				};
			};
			buildConfigurationList = 82B419551D1F876400040453 /* Build configuration list for PBXProject "MCNetwork" */;
			compatibilityVersion = "Xcode 3.2";
			developmentRegion = English;
			hasScannedForEncodings = 0;
			knownRegions = (
				en,
				Base,
			);
			mainGroup = 82B419511D1F876400040453;
			productRefGroup = 82B4195B1D1F876400040453 /* Products */;
			projectDirPath = "";
			projectRoot = "";
			targets = (
				82B419591D1F876400040453 /* MCNetwork */,
			);
		};
/* End PBXProject section */

/* Begin PBXResourcesBuildPhase section */
		82B419581D1F876400040453 /* Resources */ = {
			isa = PBXResourcesBuildPhase;
			buildActionMask = 2147483647;
			files = (
				82201DFE1D4AF2F400D6FBAA /* a.gif in Resources */,
				82B4196D1D1F876500040453 /* LaunchScreen.storyboard in Resources */,
				82FFB8111D45F6970079F92F /* a.jpg in Resources */,
				82B4196A1D1F876500040453 /* Assets.xcassets in Resources */,
				82201DF91D4AEA4700D6FBAA /* test0.webp in Resources */,
				82B419681D1F876500040453 /* Main.storyboard in Resources */,
			);
			runOnlyForDeploymentPostprocessing = 0;
		};
/* End PBXResourcesBuildPhase section */

/* Begin PBXSourcesBuildPhase section */
		82B419561D1F876400040453 /* Sources */ = {
			isa = PBXSourcesBuildPhase;
			buildActionMask = 2147483647;
			files = (
				82201DFC1D4AEF0A00D6FBAA /* UIImage+MCWebImage.m in Sources */,
				82FD547E1D49FDF5007DE97A /* NSData+MCContentType.m in Sources */,
				82B419651D1F876400040453 /* ViewController.m in Sources */,
				82B419621D1F876400040453 /* AppDelegate.m in Sources */,
				82FD54771D49DEDD007DE97A /* MCRequestSerialization.m in Sources */,
				8272F12B1D4EE53B003303A3 /* MCImageDownloadManager.m in Sources */,
				820668A71D509192003DC463 /* NSString+MCWebImage.m in Sources */,
				82FD54781D49DEDD007DE97A /* MCResponseSerialization.m in Sources */,
				8272F12E1D4EE9A7003303A3 /* MCWebImageConfigure.m in Sources */,
				82B4195F1D1F876400040453 /* main.m in Sources */,
				820668A11D5077F3003DC463 /* MCImageCacheManager.m in Sources */,
				82FD54761D49DEDD007DE97A /* MCNetworkConfigure.m in Sources */,
				82FD54751D49DEDD007DE97A /* MCMimeType.m in Sources */,
				82FD54791D49DEDD007DE97A /* MCURLSession.m in Sources */,
				820668A41D507FDA003DC463 /* UIImageView+MCWebImage.m in Sources */,
			);
			runOnlyForDeploymentPostprocessing = 0;
		};
/* End PBXSourcesBuildPhase section */

/* Begin PBXVariantGroup section */
		82B419661D1F876500040453 /* Main.storyboard */ = {
			isa = PBXVariantGroup;
			children = (
				82B419671D1F876500040453 /* Base */,
			);
			name = Main.storyboard;
			sourceTree = "<group>";
		};
		82B4196B1D1F876500040453 /* LaunchScreen.storyboard */ = {
			isa = PBXVariantGroup;
			children = (
				82B4196C1D1F876500040453 /* Base */,
			);
			name = LaunchScreen.storyboard;
			sourceTree = "<group>";
		};
/* End PBXVariantGroup section */

/* Begin XCBuildConfiguration section */
		82B4196F1D1F876500040453 /* Debug */ = {
			isa = XCBuildConfiguration;
			buildSettings = {
				ALWAYS_SEARCH_USER_PATHS = NO;
				CLANG_ANALYZER_NONNULL = YES;
				CLANG_CXX_LANGUAGE_STANDARD = "gnu++0x";
				CLANG_CXX_LIBRARY = "libc++";
				CLANG_ENABLE_MODULES = YES;
				CLANG_ENABLE_OBJC_ARC = YES;
				CLANG_WARN_BOOL_CONVERSION = YES;
				CLANG_WARN_CONSTANT_CONVERSION = YES;
				CLANG_WARN_DIRECT_OBJC_ISA_USAGE = YES_ERROR;
				CLANG_WARN_EMPTY_BODY = YES;
				CLANG_WARN_ENUM_CONVERSION = YES;
				CLANG_WARN_INT_CONVERSION = YES;
				CLANG_WARN_OBJC_ROOT_CLASS = YES_ERROR;
				CLANG_WARN_UNREACHABLE_CODE = YES;
				CLANG_WARN__DUPLICATE_METHOD_MATCH = YES;
				"CODE_SIGN_IDENTITY[sdk=iphoneos*]" = "iPhone Developer";
				COPY_PHASE_STRIP = NO;
				DEBUG_INFORMATION_FORMAT = dwarf;
				ENABLE_STRICT_OBJC_MSGSEND = YES;
				ENABLE_TESTABILITY = YES;
				GCC_C_LANGUAGE_STANDARD = gnu99;
				GCC_DYNAMIC_NO_PIC = NO;
				GCC_NO_COMMON_BLOCKS = YES;
				GCC_OPTIMIZATION_LEVEL = 0;
				GCC_PREPROCESSOR_DEFINITIONS = (
					"DEBUG=1",
					"$(inherited)",
				);
				GCC_WARN_64_TO_32_BIT_CONVERSION = YES;
				GCC_WARN_ABOUT_RETURN_TYPE = YES_ERROR;
				GCC_WARN_UNDECLARED_SELECTOR = YES;
				GCC_WARN_UNINITIALIZED_AUTOS = YES_AGGRESSIVE;
				GCC_WARN_UNUSED_FUNCTION = YES;
				GCC_WARN_UNUSED_VARIABLE = YES;
				IPHONEOS_DEPLOYMENT_TARGET = 9.3;
				MTL_ENABLE_DEBUG_INFO = YES;
				ONLY_ACTIVE_ARCH = YES;
				SDKROOT = iphoneos;
			};
			name = Debug;
		};
		82B419701D1F876500040453 /* Release */ = {
			isa = XCBuildConfiguration;
			buildSettings = {
				ALWAYS_SEARCH_USER_PATHS = NO;
				CLANG_ANALYZER_NONNULL = YES;
				CLANG_CXX_LANGUAGE_STANDARD = "gnu++0x";
				CLANG_CXX_LIBRARY = "libc++";
				CLANG_ENABLE_MODULES = YES;
				CLANG_ENABLE_OBJC_ARC = YES;
				CLANG_WARN_BOOL_CONVERSION = YES;
				CLANG_WARN_CONSTANT_CONVERSION = YES;
				CLANG_WARN_DIRECT_OBJC_ISA_USAGE = YES_ERROR;
				CLANG_WARN_EMPTY_BODY = YES;
				CLANG_WARN_ENUM_CONVERSION = YES;
				CLANG_WARN_INT_CONVERSION = YES;
				CLANG_WARN_OBJC_ROOT_CLASS = YES_ERROR;
				CLANG_WARN_UNREACHABLE_CODE = YES;
				CLANG_WARN__DUPLICATE_METHOD_MATCH = YES;
				"CODE_SIGN_IDENTITY[sdk=iphoneos*]" = "iPhone Developer";
				COPY_PHASE_STRIP = NO;
				DEBUG_INFORMATION_FORMAT = "dwarf-with-dsym";
				ENABLE_NS_ASSERTIONS = NO;
				ENABLE_STRICT_OBJC_MSGSEND = YES;
				GCC_C_LANGUAGE_STANDARD = gnu99;
				GCC_NO_COMMON_BLOCKS = YES;
				GCC_WARN_64_TO_32_BIT_CONVERSION = YES;
				GCC_WARN_ABOUT_RETURN_TYPE = YES_ERROR;
				GCC_WARN_UNDECLARED_SELECTOR = YES;
				GCC_WARN_UNINITIALIZED_AUTOS = YES_AGGRESSIVE;
				GCC_WARN_UNUSED_FUNCTION = YES;
				GCC_WARN_UNUSED_VARIABLE = YES;
				IPHONEOS_DEPLOYMENT_TARGET = 9.3;
				MTL_ENABLE_DEBUG_INFO = NO;
				SDKROOT = iphoneos;
				VALIDATE_PRODUCT = YES;
			};
			name = Release;
		};
		82B419721D1F876500040453 /* Debug */ = {
			isa = XCBuildConfiguration;
			buildSettings = {
				ASSETCATALOG_COMPILER_APPICON_NAME = AppIcon;
				ENABLE_BITCODE = YES;
				FRAMEWORK_SEARCH_PATHS = (
					"$(inherited)",
					"$(PROJECT_DIR)/MCNetwork/MCNetworking/MCWebImage",
				);
				INFOPLIST_FILE = MCNetwork/Info.plist;
				IPHONEOS_DEPLOYMENT_TARGET = 8.0;
				LD_RUNPATH_SEARCH_PATHS = "$(inherited) @executable_path/Frameworks";
				LIBRARY_SEARCH_PATHS = "$(inherited)";
				ONLY_ACTIVE_ARCH = YES;
				PRODUCT_BUNDLE_IDENTIFIER = MingleChang.MCNetwork;
				PRODUCT_NAME = "$(TARGET_NAME)";
				VALID_ARCHS = "armv7 armv7s arm64";
			};
			name = Debug;
		};
		82B419731D1F876500040453 /* Release */ = {
			isa = XCBuildConfiguration;
			buildSettings = {
				ASSETCATALOG_COMPILER_APPICON_NAME = AppIcon;
				ENABLE_BITCODE = YES;
				FRAMEWORK_SEARCH_PATHS = (
					"$(inherited)",
					"$(PROJECT_DIR)/MCNetwork/MCNetworking/MCWebImage",
				);
				INFOPLIST_FILE = MCNetwork/Info.plist;
				IPHONEOS_DEPLOYMENT_TARGET = 8.0;
				LD_RUNPATH_SEARCH_PATHS = "$(inherited) @executable_path/Frameworks";
				LIBRARY_SEARCH_PATHS = "$(inherited)";
				ONLY_ACTIVE_ARCH = YES;
				PRODUCT_BUNDLE_IDENTIFIER = MingleChang.MCNetwork;
				PRODUCT_NAME = "$(TARGET_NAME)";
				VALID_ARCHS = "armv7 armv7s arm64";
			};
			name = Release;
		};
/* End XCBuildConfiguration section */

/* Begin XCConfigurationList section */
		82B419551D1F876400040453 /* Build configuration list for PBXProject "MCNetwork" */ = {
			isa = XCConfigurationList;
			buildConfigurations = (
				82B4196F1D1F876500040453 /* Debug */,
				82B419701D1F876500040453 /* Release */,
			);
			defaultConfigurationIsVisible = 0;
			defaultConfigurationName = Release;
		};
		82B419711D1F876500040453 /* Build configuration list for PBXNativeTarget "MCNetwork" */ = {
			isa = XCConfigurationList;
			buildConfigurations = (
				82B419721D1F876500040453 /* Debug */,
				82B419731D1F876500040453 /* Release */,
			);
			defaultConfigurationIsVisible = 0;
			defaultConfigurationName = Release;
		};
/* End XCConfigurationList section */
	};
	rootObject = 82B419521D1F876400040453 /* Project object */;
}
